
Microsoft Visual Studio Solution File, Format Version 12.00
# Visual Studio Version 16
VisualStudioVersion = 16.0.29509.3
MinimumVisualStudioVersion = 10.0.40219.1
Project("{FAE04EC0-301F-11D3-BF4B-00C04F79EFBC}") = "WebApplicationPolakGallery", "WebApplicationPolak\WebApplicationPolakGallery.csproj", "{A7E38ED0-A87D-4703-AD55-7611EE3B1DED}"
EndProject
Global
	GlobalSection(SolutionConfigurationPlatforms) = preSolution
		Debug|Any CPU = Debug|Any CPU
		Release|Any CPU = Release|Any CPU
	EndGlobalSection
	GlobalSection(ProjectConfigurationPlatforms) = postSolution
		{A7E38ED0-A87D-4703-AD55-7611EE3B1DED}.Debug|Any CPU.ActiveCfg = Debug|Any CPU
		{A7E38ED0-A87D-4703-AD55-7611EE3B1DED}.Debug|Any CPU.Build.0 = Debug|Any CPU
		{A7E38ED0-A87D-4703-AD55-7611EE3B1DED}.Release|Any CPU.ActiveCfg = Release|Any CPU
		{A7E38ED0-A87D-4703-AD55-7611EE3B1DED}.Release|Any CPU.Build.0 = Release|Any CPU
	EndGlobalSection
	GlobalSection(SolutionProperties) = preSolution
		HideSolutionNode = FALSE
	EndGlobalSection
	GlobalSection(ExtensibilityGlobals) = postSolution
		SolutionGuid = {D900E9FB-F32E-48A2-A0F9-84E831F4686E}
	EndGlobalSection
EndGlobal
